Microsoft Visual Studio Solution File, Format Version 11.00
# Visual Studio 2008

Project("{DE3C731B-E563-3838-089A-07179D301D7B}") = "Play", "Assembly-CSharp.csproj", "{F33A664F-2330-B7F1-F09C-321DE0D8611C}"
EndProject
Project("{DE3C731B-E563-3838-089A-07179D301D7B}") = "Play", "Assembly-CSharp-Editor.csproj", "{61B8E891-C2BE-AE14-794D-32E8F3BC0D84}"
EndProject
Global
	GlobalSection(SolutionConfigurationPlatforms) = preSolution
		Debug|Any CPU = Debug|Any CPU
		Release|Any CPU = Release|Any CPU
	EndGlobalSection
	GlobalSection(ProjectConfigurationPlatforms) = postSolution
		{F33A664F-2330-B7F1-F09C-321DE0D8611C}.Debug|Any CPU.ActiveCfg = Debug|Any CPU
		{F33A664F-2330-B7F1-F09C-321DE0D8611C}.Debug|Any CPU.Build.0 = Debug|Any CPU
		{F33A664F-2330-B7F1-F09C-321DE0D8611C}.Release|Any CPU.ActiveCfg = Release|Any CPU
		{F33A664F-2330-B7F1-F09C-321DE0D8611C}.Release|Any CPU.Build.0 = Release|Any CPU
		{61B8E891-C2BE-AE14-794D-32E8F3BC0D84}.Debug|Any CPU.ActiveCfg = Debug|Any CPU
		{61B8E891-C2BE-AE14-794D-32E8F3BC0D84}.Debug|Any CPU.Build.0 = Debug|Any CPU
		{61B8E891-C2BE-AE14-794D-32E8F3BC0D84}.Release|Any CPU.ActiveCfg = Release|Any CPU
		{61B8E891-C2BE-AE14-794D-32E8F3BC0D84}.Release|Any CPU.Build.0 = Release|Any CPU
	EndGlobalSection
	GlobalSection(SolutionProperties) = preSolution
		HideSolutionNode = FALSE
	EndGlobalSection
	GlobalSection(MonoDevelopProperties) = preSolution
		StartupItem = Assembly-CSharp.csproj
	EndGlobalSection
EndGlobal
